// !$*UTF8*$!
{
	archiveVersion = 1;
	classes = {
	};
	objectVersion = 55;
	objects = {

/* Begin PBXBuildFile section */
		E6F0FD9D27B246D1000ED5D0 /* AppDelegate.swift in Sources */ = {isa = PBXBuildFile; fileRef = E6F0FD9C27B246D1000ED5D0 /* AppDelegate.swift */; };
		E6F0FD9F27B246D1000ED5D0 /* ViewController.swift in Sources */ = {isa = PBXBuildFile; fileRef = E6F0FD9E27B246D1000ED5D0 /* ViewController.swift */; };
		E6F0FDA127B246D2000ED5D0 /* Assets.xcassets in Resources */ = {isa = PBXBuildFile; fileRef = E6F0FDA027B246D2000ED5D0 /* Assets.xcassets */; };
		E6F0FDA427B246D2000ED5D0 /* Main.storyboard in Resources */ = {isa = PBXBuildFile; fileRef = E6F0FDA227B246D2000ED5D0 /* Main.storyboard */; };
		E6F0FDB227B24705000ED5D0 /* UniformTypeIdentifiers.framework in Frameworks */ = {isa = PBXBuildFile; fileRef = E6F0FDB127B24705000ED5D0 /* UniformTypeIdentifiers.framework */; platformFilter = maccatalyst; };
		E6F0FDB527B24705000ED5D0 /* FileProviderExtension.swift in Sources */ = {isa = PBXBuildFile; fileRef = E6F0FDB427B24705000ED5D0 /* FileProviderExtension.swift */; };
		E6F0FDB727B24705000ED5D0 /* FileProviderItem.swift in Sources */ = {isa = PBXBuildFile; fileRef = E6F0FDB627B24705000ED5D0 /* FileProviderItem.swift */; };
		E6F0FDB927B24705000ED5D0 /* FileProviderEnumerator.swift in Sources */ = {isa = PBXBuildFile; fileRef = E6F0FDB827B24705000ED5D0 /* FileProviderEnumerator.swift */; };
		E6F0FDBE27B24705000ED5D0 /* Extension.appex in Embed App Extensions */ = {isa = PBXBuildFile; fileRef = E6F0FDAF27B24705000ED5D0 /* Extension.appex */; settings = {ATTRIBUTES = (RemoveHeadersOnCopy, ); }; };
/* End PBXBuildFile section */

/* Begin PBXContainerItemProxy section */
		E6F0FDBC27B24705000ED5D0 /* PBXContainerItemProxy */ = {
			isa = PBXContainerItemProxy;
			containerPortal = E6F0FD9127B246D1000ED5D0 /* Project object */;
			proxyType = 1;
			remoteGlobalIDString = E6F0FDAE27B24705000ED5D0;
			remoteInfo = Extension;
		};
/* End PBXContainerItemProxy section */

/* Begin PBXCopyFilesBuildPhase section */
		E6F0FDC227B24705000ED5D0 /* Embed App Extensions */ = {
			isa = PBXCopyFilesBuildPhase;
			buildActionMask = 2147483647;
			dstPath = "";
			dstSubfolderSpec = 13;
			files = (
				E6F0FDBE27B24705000ED5D0 /* Extension.appex in Embed App Extensions */,
			);
			name = "Embed App Extensions";
			runOnlyForDeploymentPostprocessing = 0;
		};
/* End PBXCopyFilesBuildPhase section */

/* Begin PBXFileReference section */
		E6F0FD9927B246D1000ED5D0 /* FinderProvider.app */ = {isa = PBXFileReference; explicitFileType = wrapper.application; includeInIndex = 0; path = FinderProvider.app; sourceTree = BUILT_PRODUCTS_DIR; };
		E6F0FD9C27B246D1000ED5D0 /* AppDelegate.swift */ = {isa = PBXFileReference; lastKnownFileType = sourcecode.swift; path = AppDelegate.swift; sourceTree = "<group>"; };
		E6F0FD9E27B246D1000ED5D0 /* ViewController.swift */ = {isa = PBXFileReference; lastKnownFileType = sourcecode.swift; path = ViewController.swift; sourceTree = "<group>"; };
		E6F0FDA027B246D2000ED5D0 /* Assets.xcassets */ = {isa = PBXFileReference; lastKnownFileType = folder.assetcatalog; path = Assets.xcassets; sourceTree = "<group>"; };
		E6F0FDA327B246D2000ED5D0 /* Base */ = {isa = PBXFileReference; lastKnownFileType = file.storyboard; name = Base; path = Base.lproj/Main.storyboard; sourceTree = "<group>"; };
		E6F0FDA527B246D2000ED5D0 /* FinderProvider.entitlements */ = {isa = PBXFileReference; lastKnownFileType = text.plist.entitlements; path = FinderProvider.entitlements; sourceTree = "<group>"; };
		E6F0FDAF27B24705000ED5D0 /* Extension.appex */ = {isa = PBXFileReference; explicitFileType = "wrapper.app-extension"; includeInIndex = 0; path = Extension.appex; sourceTree = BUILT_PRODUCTS_DIR; };
		E6F0FDB127B24705000ED5D0 /* UniformTypeIdentifiers.framework */ = {isa = PBXFileReference; lastKnownFileType = wrapper.framework; name = UniformTypeIdentifiers.framework; path = System/Library/Frameworks/UniformTypeIdentifiers.framework; sourceTree = SDKROOT; };
		E6F0FDB427B24705000ED5D0 /* FileProviderExtension.swift */ = {isa = PBXFileReference; lastKnownFileType = sourcecode.swift; path = FileProviderExtension.swift; sourceTree = "<group>"; };
		E6F0FDB627B24705000ED5D0 /* FileProviderItem.swift */ = {isa = PBXFileReference; lastKnownFileType = sourcecode.swift; path = FileProviderItem.swift; sourceTree = "<group>"; };
		E6F0FDB827B24705000ED5D0 /* FileProviderEnumerator.swift */ = {isa = PBXFileReference; lastKnownFileType = sourcecode.swift; path = FileProviderEnumerator.swift; sourceTree = "<group>"; };
		E6F0FDBA27B24705000ED5D0 /* Info.plist */ = {isa = PBXFileReference; lastKnownFileType = text.plist.xml; path = Info.plist; sourceTree = "<group>"; };
		E6F0FDBB27B24705000ED5D0 /* Extension.entitlements */ = {isa = PBXFileReference; lastKnownFileType = text.plist.entitlements; path = Extension.entitlements; sourceTree = "<group>"; };
/* End PBXFileReference section */

/* Begin PBXFrameworksBuildPhase section */
		E6F0FD9627B246D1000ED5D0 /* Frameworks */ = {
			isa = PBXFrameworksBuildPhase;
			buildActionMask = 2147483647;
			files = (
			);
			runOnlyForDeploymentPostprocessing = 0;
		};
		E6F0FDAC27B24705000ED5D0 /* Frameworks */ = {
			isa = PBXFrameworksBuildPhase;
			buildActionMask = 2147483647;
			files = (
				E6F0FDB227B24705000ED5D0 /* UniformTypeIdentifiers.framework in Frameworks */,
			);
			runOnlyForDeploymentPostprocessing = 0;
		};
/* End PBXFrameworksBuildPhase section */

/* Begin PBXGroup section */
		E6F0FD9027B246D1000ED5D0 = {
			isa = PBXGroup;
			children = (
				E6F0FD9B27B246D1000ED5D0 /* FinderProvider */,
				E6F0FDB327B24705000ED5D0 /* Extension */,
				E6F0FDB027B24705000ED5D0 /* Frameworks */,
				E6F0FD9A27B246D1000ED5D0 /* Products */,
			);
			sourceTree = "<group>";
		};
		E6F0FD9A27B246D1000ED5D0 /* Products */ = {
			isa = PBXGroup;
			children = (
				E6F0FD9927B246D1000ED5D0 /* FinderProvider.app */,
				E6F0FDAF27B24705000ED5D0 /* Extension.appex */,
			);
			name = Products;
			sourceTree = "<group>";
		};
		E6F0FD9B27B246D1000ED5D0 /* FinderProvider */ = {
			isa = PBXGroup;
			children = (
				E6F0FD9C27B246D1000ED5D0 /* AppDelegate.swift */,
				E6F0FD9E27B246D1000ED5D0 /* ViewController.swift */,
				E6F0FDA027B246D2000ED5D0 /* Assets.xcassets */,
				E6F0FDA227B246D2000ED5D0 /* Main.storyboard */,
				E6F0FDA527B246D2000ED5D0 /* FinderProvider.entitlements */,
			);
			path = FinderProvider;
			sourceTree = "<group>";
		};
		E6F0FDB027B24705000ED5D0 /* Frameworks */ = {
			isa = PBXGroup;
			children = (
				E6F0FDB127B24705000ED5D0 /* UniformTypeIdentifiers.framework */,
			);
			name = Frameworks;
			sourceTree = "<group>";
		};
		E6F0FDB327B24705000ED5D0 /* Extension */ = {
			isa = PBXGroup;
			children = (
				E6F0FDB427B24705000ED5D0 /* FileProviderExtension.swift */,
				E6F0FDB627B24705000ED5D0 /* FileProviderItem.swift */,
				E6F0FDB827B24705000ED5D0 /* FileProviderEnumerator.swift */,
				E6F0FDBA27B24705000ED5D0 /* Info.plist */,
				E6F0FDBB27B24705000ED5D0 /* Extension.entitlements */,
			);
			path = Extension;
			sourceTree = "<group>";
		};
/* End PBXGroup section */

/* Begin PBXNativeTarget section */
		E6F0FD9827B246D1000ED5D0 /* FinderProvider */ = {
			isa = PBXNativeTarget;
			buildConfigurationList = E6F0FDA827B246D2000ED5D0 /* Build configuration list for PBXNativeTarget "FinderProvider" */;
			buildPhases = (
				E6F0FD9527B246D1000ED5D0 /* Sources */,
				E6F0FD9627B246D1000ED5D0 /* Frameworks */,
				E6F0FD9727B246D1000ED5D0 /* Resources */,
				E6F0FDC227B24705000ED5D0 /* Embed App Extensions */,
			);
			buildRules = (
			);
			dependencies = (
				E6F0FDBD27B24705000ED5D0 /* PBXTargetDependency */,
			);
			name = FinderProvider;
			productName = FinderProvider;
			productReference = E6F0FD9927B246D1000ED5D0 /* FinderProvider.app */;
			productType = "com.apple.product-type.application";
		};
		E6F0FDAE27B24705000ED5D0 /* Extension */ = {
			isa = PBXNativeTarget;
			buildConfigurationList = E6F0FDBF27B24705000ED5D0 /* Build configuration list for PBXNativeTarget "Extension" */;
			buildPhases = (
				E6F0FDAB27B24705000ED5D0 /* Sources */,
				E6F0FDAC27B24705000ED5D0 /* Frameworks */,
				E6F0FDAD27B24705000ED5D0 /* Resources */,
			);
			buildRules = (
			);
			dependencies = (
			);
			name = Extension;
			productName = Extension;
			productReference = E6F0FDAF27B24705000ED5D0 /* Extension.appex */;
			productType = "com.apple.product-type.app-extension";
		};
/* End PBXNativeTarget section */

/* Begin PBXProject section */
		E6F0FD9127B246D1000ED5D0 /* Project object */ = {
			isa = PBXProject;
			attributes = {
				BuildIndependentTargetsInParallel = 1;
				LastSwiftUpdateCheck = 1320;
				LastUpgradeCheck = 1320;
				TargetAttributes = {
					E6F0FD9827B246D1000ED5D0 = {
						CreatedOnToolsVersion = 13.2.1;
					};
					E6F0FDAE27B24705000ED5D0 = {
						CreatedOnToolsVersion = 13.2.1;
					};
				};
			};
			buildConfigurationList = E6F0FD9427B246D1000ED5D0 /* Build configuration list for PBXProject "FinderProvider" */;
			compatibilityVersion = "Xcode 13.0";
			developmentRegion = en;
			hasScannedForEncodings = 0;
			knownRegions = (
				en,
				Base,
			);
			mainGroup = E6F0FD9027B246D1000ED5D0;
			productRefGroup = E6F0FD9A27B246D1000ED5D0 /* Products */;
			projectDirPath = "";
			projectRoot = "";
			targets = (
				E6F0FD9827B246D1000ED5D0 /* FinderProvider */,
				E6F0FDAE27B24705000ED5D0 /* Extension */,
			);
		};
/* End PBXProject section */

/* Begin PBXResourcesBuildPhase section */
		E6F0FD9727B246D1000ED5D0 /* Resources */ = {
			isa = PBXResourcesBuildPhase;
			buildActionMask = 2147483647;
			files = (
				E6F0FDA127B246D2000ED5D0 /* Assets.xcassets in Resources */,
				E6F0FDA427B246D2000ED5D0 /* Main.storyboard in Resources */,
			);
			runOnlyForDeploymentPostprocessing = 0;
		};
		E6F0FDAD27B24705000ED5D0 /* Resources */ = {
			isa = PBXResourcesBuildPhase;
			buildActionMask = 2147483647;
			files = (
			);
			runOnlyForDeploymentPostprocessing = 0;
		};
/* End PBXResourcesBuildPhase section */

/* Begin PBXSourcesBuildPhase section */
		E6F0FD9527B246D1000ED5D0 /* Sources */ = {
			isa = PBXSourcesBuildPhase;
			buildActionMask = 2147483647;
			files = (
				E6F0FD9F27B246D1000ED5D0 /* ViewController.swift in Sources */,
				E6F0FD9D27B246D1000ED5D0 /* AppDelegate.swift in Sources */,
			);
			runOnlyForDeploymentPostprocessing = 0;
		};
		E6F0FDAB27B24705000ED5D0 /* Sources */ = {
			isa = PBXSourcesBuildPhase;
			buildActionMask = 2147483647;
			files = (
				E6F0FDB527B24705000ED5D0 /* FileProviderExtension.swift in Sources */,
				E6F0FDB727B24705000ED5D0 /* FileProviderItem.swift in Sources */,
				E6F0FDB927B24705000ED5D0 /* FileProviderEnumerator.swift in Sources */,
			);
			runOnlyForDeploymentPostprocessing = 0;
		};
/* End PBXSourcesBuildPhase section */

/* Begin PBXTargetDependency section */
		E6F0FDBD27B24705000ED5D0 /* PBXTargetDependency */ = {
			isa = PBXTargetDependency;
			target = E6F0FDAE27B24705000ED5D0 /* Extension */;
			targetProxy = E6F0FDBC27B24705000ED5D0 /* PBXContainerItemProxy */;
		};
/* End PBXTargetDependency section */

/* Begin PBXVariantGroup section */
		E6F0FDA227B246D2000ED5D0 /* Main.storyboard */ = {
			isa = PBXVariantGroup;
			children = (
				E6F0FDA327B246D2000ED5D0 /* Base */,
			);
			name = Main.storyboard;
			sourceTree = "<group>";
		};
/* End PBXVariantGroup section */

/* Begin XCBuildConfiguration section */
		E6F0FDA627B246D2000ED5D0 /* Debug */ = {
			isa = XCBuildConfiguration;
			buildSettings = {
				ALWAYS_SEARCH_USER_PATHS = NO;
				CLANG_ANALYZER_NONNULL = YES;
				CLANG_ANALYZER_NUMBER_OBJECT_CONVERSION = YES_AGGRESSIVE;
				CLANG_CXX_LANGUAGE_STANDARD = "gnu++17";
				CLANG_CXX_LIBRARY = "libc++";
				CLANG_ENABLE_MODULES = YES;
				CLANG_ENABLE_OBJC_ARC = YES;
				CLANG_ENABLE_OBJC_WEAK = YES;
				CLANG_WARN_BLOCK_CAPTURE_AUTORELEASING = YES;
				CLANG_WARN_BOOL_CONVERSION = YES;
				CLANG_WARN_COMMA = YES;
				CLANG_WARN_CONSTANT_CONVERSION = YES;
				CLANG_WARN_DEPRECATED_OBJC_IMPLEMENTATIONS = YES;
				CLANG_WARN_DIRECT_OBJC_ISA_USAGE = YES_ERROR;
				CLANG_WARN_DOCUMENTATION_COMMENTS = YES;
				CLANG_WARN_EMPTY_BODY = YES;
				CLANG_WARN_ENUM_CONVERSION = YES;
				CLANG_WARN_INFINITE_RECURSION = YES;
				CLANG_WARN_INT_CONVERSION = YES;
				CLANG_WARN_NON_LITERAL_NULL_CONVERSION = YES;
				CLANG_WARN_OBJC_IMPLICIT_RETAIN_SELF = YES;
				CLANG_WARN_OBJC_LITERAL_CONVERSION = YES;
				CLANG_WARN_OBJC_ROOT_CLASS = YES_ERROR;
				CLANG_WARN_QUOTED_INCLUDE_IN_FRAMEWORK_HEADER = YES;
				CLANG_WARN_RANGE_LOOP_ANALYSIS = YES;
				CLANG_WARN_STRICT_PROTOTYPES = YES;
				CLANG_WARN_SUSPICIOUS_MOVE = YES;
				CLANG_WARN_UNGUARDED_AVAILABILITY = YES_AGGRESSIVE;
				CLANG_WARN_UNREACHABLE_CODE = YES;
				CLANG_WARN__DUPLICATE_METHOD_MATCH = YES;
				COPY_PHASE_STRIP = NO;
				DEBUG_INFORMATION_FORMAT = dwarf;
				ENABLE_STRICT_OBJC_MSGSEND = YES;
				ENABLE_TESTABILITY = YES;
				GCC_C_LANGUAGE_STANDARD = gnu11;
				GCC_DYNAMIC_NO_PIC = NO;
				GCC_NO_COMMON_BLOCKS = YES;
				GCC_OPTIMIZATION_LEVEL = 0;
				GCC_PREPROCESSOR_DEFINITIONS = (
					"DEBUG=1",
					"$(inherited)",
				);
				GCC_WARN_64_TO_32_BIT_CONVERSION = YES;
				GCC_WARN_ABOUT_RETURN_TYPE = YES_ERROR;
				GCC_WARN_UNDECLARED_SELECTOR = YES;
				GCC_WARN_UNINITIALIZED_AUTOS = YES_AGGRESSIVE;
				GCC_WARN_UNUSED_FUNCTION = YES;
				GCC_WARN_UNUSED_VARIABLE = YES;
				MACOSX_DEPLOYMENT_TARGET = 12.1;
				MTL_ENABLE_DEBUG_INFO = INCLUDE_SOURCE;
				MTL_FAST_MATH = YES;
				ONLY_ACTIVE_ARCH = YES;
				SDKROOT = macosx;
				SWIFT_ACTIVE_COMPILATION_CONDITIONS = DEBUG;
				SWIFT_OPTIMIZATION_LEVEL = "-Onone";
			};
			name = Debug;
		};
		E6F0FDA727B246D2000ED5D0 /* Release */ = {
			isa = XCBuildConfiguration;
			buildSettings = {
				ALWAYS_SEARCH_USER_PATHS = NO;
				CLANG_ANALYZER_NONNULL = YES;
				CLANG_ANALYZER_NUMBER_OBJECT_CONVERSION = YES_AGGRESSIVE;
				CLANG_CXX_LANGUAGE_STANDARD = "gnu++17";
				CLANG_CXX_LIBRARY = "libc++";
				CLANG_ENABLE_MODULES = YES;
				CLANG_ENABLE_OBJC_ARC = YES;
				CLANG_ENABLE_OBJC_WEAK = YES;
				CLANG_WARN_BLOCK_CAPTURE_AUTORELEASING = YES;
				CLANG_WARN_BOOL_CONVERSION = YES;
				CLANG_WARN_COMMA = YES;
				CLANG_WARN_CONSTANT_CONVERSION = YES;
				CLANG_WARN_DEPRECATED_OBJC_IMPLEMENTATIONS = YES;
				CLANG_WARN_DIRECT_OBJC_ISA_USAGE = YES_ERROR;
				CLANG_WARN_DOCUMENTATION_COMMENTS = YES;
				CLANG_WARN_EMPTY_BODY = YES;
				CLANG_WARN_ENUM_CONVERSION = YES;
				CLANG_WARN_INFINITE_RECURSION = YES;
				CLANG_WARN_INT_CONVERSION = YES;
				CLANG_WARN_NON_LITERAL_NULL_CONVERSION = YES;
				CLANG_WARN_OBJC_IMPLICIT_RETAIN_SELF = YES;
				CLANG_WARN_OBJC_LITERAL_CONVERSION = YES;
				CLANG_WARN_OBJC_ROOT_CLASS = YES_ERROR;
				CLANG_WARN_QUOTED_INCLUDE_IN_FRAMEWORK_HEADER = YES;
				CLANG_WARN_RANGE_LOOP_ANALYSIS = YES;
				CLANG_WARN_STRICT_PROTOTYPES = YES;
				CLANG_WARN_SUSPICIOUS_MOVE = YES;
				CLANG_WARN_UNGUARDED_AVAILABILITY = YES_AGGRESSIVE;
				CLANG_WARN_UNREACHABLE_CODE = YES;
				CLANG_WARN__DUPLICATE_METHOD_MATCH = YES;
				COPY_PHASE_STRIP = NO;
				DEBUG_INFORMATION_FORMAT = "dwarf-with-dsym";
				ENABLE_NS_ASSERTIONS = NO;
				ENABLE_STRICT_OBJC_MSGSEND = YES;
				GCC_C_LANGUAGE_STANDARD = gnu11;
				GCC_NO_COMMON_BLOCKS = YES;
				GCC_WARN_64_TO_32_BIT_CONVERSION = YES;
				GCC_WARN_ABOUT_RETURN_TYPE = YES_ERROR;
				GCC_WARN_UNDECLARED_SELECTOR = YES;
				GCC_WARN_UNINITIALIZED_AUTOS = YES_AGGRESSIVE;
				GCC_WARN_UNUSED_FUNCTION = YES;
				GCC_WARN_UNUSED_VARIABLE = YES;
				MACOSX_DEPLOYMENT_TARGET = 12.1;
				MTL_ENABLE_DEBUG_INFO = NO;
				MTL_FAST_MATH = YES;
				SDKROOT = macosx;
				SWIFT_COMPILATION_MODE = wholemodule;
				SWIFT_OPTIMIZATION_LEVEL = "-O";
			};
			name = Release;
		};
		E6F0FDA927B246D2000ED5D0 /* Debug */ = {
			isa = XCBuildConfiguration;
			buildSettings = {
				ALWAYS_EMBED_SWIFT_STANDARD_LIBRARIES = YES;
				ASSETCATALOG_COMPILER_APPICON_NAME = AppIcon;
				ASSETCATALOG_COMPILER_GLOBAL_ACCENT_COLOR_NAME = AccentColor;
				CODE_SIGN_ENTITLEMENTS = FinderProvider/FinderProvider.entitlements;
				COMBINE_HIDPI_IMAGES = YES;
				CURRENT_PROJECT_VERSION = 1;
				ENABLE_HARDENED_RUNTIME = YES;
				GENERATE_INFOPLIST_FILE = YES;
				INFOPLIST_KEY_NSHumanReadableCopyright = "";
				INFOPLIST_KEY_NSMainStoryboardFile = Main;
				INFOPLIST_KEY_NSPrincipalClass = NSApplication;
				LD_RUNPATH_SEARCH_PATHS = (
					"$(inherited)",
					"@executable_path/../Frameworks",
				);
				MARKETING_VERSION = 1.0;
				PRODUCT_BUNDLE_IDENTIFIER = logoutnow.test.FinderProvider;
				PRODUCT_NAME = "$(TARGET_NAME)";
				SWIFT_EMIT_LOC_STRINGS = YES;
				SWIFT_VERSION = 5.0;
			};
			name = Debug;
		};
		E6F0FDAA27B246D2000ED5D0 /* Release */ = {
			isa = XCBuildConfiguration;
			buildSettings = {
				ALWAYS_EMBED_SWIFT_STANDARD_LIBRARIES = YES;
				ASSETCATALOG_COMPILER_APPICON_NAME = AppIcon;
				ASSETCATALOG_COMPILER_GLOBAL_ACCENT_COLOR_NAME = AccentColor;
				CODE_SIGN_ENTITLEMENTS = FinderProvider/FinderProvider.entitlements;
				COMBINE_HIDPI_IMAGES = YES;
				CURRENT_PROJECT_VERSION = 1;
				ENABLE_HARDENED_RUNTIME = YES;
				GENERATE_INFOPLIST_FILE = YES;
				INFOPLIST_KEY_NSHumanReadableCopyright = "";
				INFOPLIST_KEY_NSMainStoryboardFile = Main;
				INFOPLIST_KEY_NSPrincipalClass = NSApplication;
				LD_RUNPATH_SEARCH_PATHS = (
					"$(inherited)",
					"@executable_path/../Frameworks",
				);
				MARKETING_VERSION = 1.0;
				PRODUCT_BUNDLE_IDENTIFIER = logoutnow.test.FinderProvider;
				PRODUCT_NAME = "$(TARGET_NAME)";
				SWIFT_EMIT_LOC_STRINGS = YES;
				SWIFT_VERSION = 5.0;
			};
			name = Release;
		};
		E6F0FDC027B24705000ED5D0 /* Debug */ = {
			isa = XCBuildConfiguration;
			buildSettings = {
				CODE_SIGN_ENTITLEMENTS = Extension/Extension.entitlements;
				CURRENT_PROJECT_VERSION = 1;
				ENABLE_HARDENED_RUNTIME = YES;
				GENERATE_INFOPLIST_FILE = YES;
				INFOPLIST_FILE = Extension/Info.plist;
				INFOPLIST_KEY_CFBundleDisplayName = Extension;
				LD_RUNPATH_SEARCH_PATHS = (
					"$(inherited)",
					"@executable_path/../Frameworks",
					"@executable_path/../../../../Frameworks",
				);
				MARKETING_VERSION = 1.0;
				PRODUCT_BUNDLE_IDENTIFIER = logoutnow.test.FinderProvider.Extension;
				PRODUCT_NAME = "$(TARGET_NAME)";
				SKIP_INSTALL = YES;
				SWIFT_EMIT_LOC_STRINGS = YES;
				SWIFT_VERSION = 5.0;
			};
			name = Debug;
		};
		E6F0FDC127B24705000ED5D0 /* Release */ = {
			isa = XCBuildConfiguration;
			buildSettings = {
				CODE_SIGN_ENTITLEMENTS = Extension/Extension.entitlements;
				CURRENT_PROJECT_VERSION = 1;
				ENABLE_HARDENED_RUNTIME = YES;
				GENERATE_INFOPLIST_FILE = YES;
				INFOPLIST_FILE = Extension/Info.plist;
				INFOPLIST_KEY_CFBundleDisplayName = Extension;
				LD_RUNPATH_SEARCH_PATHS = (
					"$(inherited)",
					"@executable_path/../Frameworks",
					"@executable_path/../../../../Frameworks",
				);
				MARKETING_VERSION = 1.0;
				PRODUCT_BUNDLE_IDENTIFIER = logoutnow.test.FinderProvider.Extension;
				PRODUCT_NAME = "$(TARGET_NAME)";
				SKIP_INSTALL = YES;
				SWIFT_EMIT_LOC_STRINGS = YES;
				SWIFT_VERSION = 5.0;
			};
			name = Release;
		};
/* End XCBuildConfiguration section */

/* Begin XCConfigurationList section */
		E6F0FD9427B246D1000ED5D0 /* Build configuration list for PBXProject "FinderProvider" */ = {
			isa = XCConfigurationList;
			buildConfigurations = (
				E6F0FDA627B246D2000ED5D0 /* Debug */,
				E6F0FDA727B246D2000ED5D0 /* Release */,
			);
			defaultConfigurationIsVisible = 0;
			defaultConfigurationName = Release;
		};
		E6F0FDA827B246D2000ED5D0 /* Build configuration list for PBXNativeTarget "FinderProvider" */ = {
			isa = XCConfigurationList;
			buildConfigurations = (
				E6F0FDA927B246D2000ED5D0 /* Debug */,
				E6F0FDAA27B246D2000ED5D0 /* Release */,
			);
			defaultConfigurationIsVisible = 0;
			defaultConfigurationName = Release;
		};
		E6F0FDBF27B24705000ED5D0 /* Build configuration list for PBXNativeTarget "Extension" */ = {
			isa = XCConfigurationList;
			buildConfigurations = (
				E6F0FDC027B24705000ED5D0 /* Debug */,
				E6F0FDC127B24705000ED5D0 /* Release */,
			);
			defaultConfigurationIsVisible = 0;
			defaultConfigurationName = Release;
		};
/* End XCConfigurationList section */
	};
	rootObject = E6F0FD9127B246D1000ED5D0 /* Project object */;
}
